
Microsoft Visual Studio Solution File, Format Version 12.00
# Visual Studio Version 17
VisualStudioVersion = 17.5.33516.290
MinimumVisualStudioVersion = 10.0.40219.1
Project("{9A19103F-16F7-4668-BE54-9A1E7A4F7556}") = "StorehouseOfAppliances", "StorehouseOfAppliances\StorehouseOfAppliances.csproj", "{ED155D5B-A956-4547-9E9A-B8D7EC508215}"
EndProject
Project("{FAE04EC0-301F-11D3-BF4B-00C04F79EFBC}") = "StorehouseOfAppliancesPasswordChecker", "StorehouseOfAppliancesPasswordChecker\StorehouseOfAppliancesPasswordChecker.csproj", "{C0433331-586E-49E2-BBAE-8836CBB519E9}"
EndProject
Project("{FAE04EC0-301F-11D3-BF4B-00C04F79EFBC}") = "StorehouseOfAppliancesPasswordCheckerTests", "StorehouseOfAppliancesPasswordCheckerTests\StorehouseOfAppliancesPasswordCheckerTests.csproj", "{036CFB1E-C826-49E3-91A8-0C372566827B}"
EndProject
Global
	GlobalSection(SolutionConfigurationPlatforms) = preSolution
		Debug|Any CPU = Debug|Any CPU
		Release|Any CPU = Release|Any CPU
	EndGlobalSection
	GlobalSection(ProjectConfigurationPlatforms) = postSolution
		{ED155D5B-A956-4547-9E9A-B8D7EC508215}.Debug|Any CPU.ActiveCfg = Debug|Any CPU
		{ED155D5B-A956-4547-9E9A-B8D7EC508215}.Debug|Any CPU.Build.0 = Debug|Any CPU
		{ED155D5B-A956-4547-9E9A-B8D7EC508215}.Release|Any CPU.ActiveCfg = Release|Any CPU
		{ED155D5B-A956-4547-9E9A-B8D7EC508215}.Release|Any CPU.Build.0 = Release|Any CPU
		{C0433331-586E-49E2-BBAE-8836CBB519E9}.Debug|Any CPU.ActiveCfg = Debug|Any CPU
		{C0433331-586E-49E2-BBAE-8836CBB519E9}.Debug|Any CPU.Build.0 = Debug|Any CPU
		{C0433331-586E-49E2-BBAE-8836CBB519E9}.Release|Any CPU.ActiveCfg = Release|Any CPU
		{C0433331-586E-49E2-BBAE-8836CBB519E9}.Release|Any CPU.Build.0 = Release|Any CPU
		{036CFB1E-C826-49E3-91A8-0C372566827B}.Debug|Any CPU.ActiveCfg = Debug|Any CPU
		{036CFB1E-C826-49E3-91A8-0C372566827B}.Debug|Any CPU.Build.0 = Debug|Any CPU
		{036CFB1E-C826-49E3-91A8-0C372566827B}.Release|Any CPU.ActiveCfg = Release|Any CPU
		{036CFB1E-C826-49E3-91A8-0C372566827B}.Release|Any CPU.Build.0 = Release|Any CPU
	EndGlobalSection
	GlobalSection(SolutionProperties) = preSolution
		HideSolutionNode = FALSE
	EndGlobalSection
	GlobalSection(ExtensibilityGlobals) = postSolution
		SolutionGuid = {09378C24-2A1B-47B8-A208-B3860AE3E2F5}
	EndGlobalSection
EndGlobal
